
Microsoft Visual Studio Solution File, Format Version 12.00
Project("{FAE04EC0-301F-11D3-BF4B-00C04F79EFBC}") = "CryptoLab1", "CryptoLab1\CryptoLab1.csproj", "{558FF59D-06FE-4FAC-BFDF-60087D535F9C}"
EndProject
Global
	GlobalSection(SolutionConfigurationPlatforms) = preSolution
		Debug|Any CPU = Debug|Any CPU
		Release|Any CPU = Release|Any CPU
	EndGlobalSection
	GlobalSection(ProjectConfigurationPlatforms) = postSolution
		{558FF59D-06FE-4FAC-BFDF-60087D535F9C}.Debug|Any CPU.ActiveCfg = Debug|Any CPU
		{558FF59D-06FE-4FAC-BFDF-60087D535F9C}.Debug|Any CPU.Build.0 = Debug|Any CPU
		{558FF59D-06FE-4FAC-BFDF-60087D535F9C}.Release|Any CPU.ActiveCfg = Release|Any CPU
		{558FF59D-06FE-4FAC-BFDF-60087D535F9C}.Release|Any CPU.Build.0 = Release|Any CPU
	EndGlobalSection
EndGlobal
